
Microsoft Visual Studio Solution File, Format Version 12.00
# Visual Studio Version 16
VisualStudioVersion = 16.0.32802.440
MinimumVisualStudioVersion = 10.0.40219.1
Project("{FAE04EC0-301F-11D3-BF4B-00C04F79EFBC}") = "TinhNgaySinhNhat", "TinhNgaySinhNhat\TinhNgaySinhNhat.csproj", "{07EA7C3E-664B-4AE3-9D23-A9D9AE23A6F2}"
EndProject
Global
	GlobalSection(SolutionConfigurationPlatforms) = preSolution
		Debug|Any CPU = Debug|Any CPU
		Release|Any CPU = Release|Any CPU
	EndGlobalSection
	GlobalSection(ProjectConfigurationPlatforms) = postSolution
		{07EA7C3E-664B-4AE3-9D23-A9D9AE23A6F2}.Debug|Any CPU.ActiveCfg = Debug|Any CPU
		{07EA7C3E-664B-4AE3-9D23-A9D9AE23A6F2}.Debug|Any CPU.Build.0 = Debug|Any CPU
		{07EA7C3E-664B-4AE3-9D23-A9D9AE23A6F2}.Release|Any CPU.ActiveCfg = Release|Any CPU
		{07EA7C3E-664B-4AE3-9D23-A9D9AE23A6F2}.Release|Any CPU.Build.0 = Release|Any CPU
	EndGlobalSection
	GlobalSection(SolutionProperties) = preSolution
		HideSolutionNode = FALSE
	EndGlobalSection
	GlobalSection(ExtensibilityGlobals) = postSolution
		SolutionGuid = {F4547640-7A97-4205-A185-0705647BDAB8}
	EndGlobalSection
EndGlobal
